// !$*UTF8*$!
{
	archiveVersion = 1;
	classes = {
	};
	objectVersion = 56;
	objects = {

/* Begin PBXBuildFile section */
		A967F3E52947CC2600403BDC /* Intera_UtilsApp.swift in Sources */ = {isa = PBXBuildFile; fileRef = A967F3E42947CC2600403BDC /* Intera_UtilsApp.swift */; };
		A967F3E72947CC2600403BDC /* ContentView.swift in Sources */ = {isa = PBXBuildFile; fileRef = A967F3E62947CC2600403BDC /* ContentView.swift */; };
		A967F3E92947CC2700403BDC /* Assets.xcassets in Resources */ = {isa = PBXBuildFile; fileRef = A967F3E82947CC2700403BDC /* Assets.xcassets */; };
		A967F3EC2947CC2700403BDC /* Preview Assets.xcassets in Resources */ = {isa = PBXBuildFile; fileRef = A967F3EB2947CC2700403BDC /* Preview Assets.xcassets */; };
		A98293A72950E5990047178B /* ImageDocument.swift in Sources */ = {isa = PBXBuildFile; fileRef = A98293A62950E5990047178B /* ImageDocument.swift */; };
		A98293A92950E5DC0047178B /* UIImage+Scale.swift in Sources */ = {isa = PBXBuildFile; fileRef = A98293A82950E5DC0047178B /* UIImage+Scale.swift */; };
		A98293AB2950E5FC0047178B /* PDFKitRepresentedView.swift in Sources */ = {isa = PBXBuildFile; fileRef = A98293AA2950E5FC0047178B /* PDFKitRepresentedView.swift */; };
		A98293AD2950E6700047178B /* ConvertionQualityView.swift in Sources */ = {isa = PBXBuildFile; fileRef = A98293AC2950E6700047178B /* ConvertionQualityView.swift */; };
		A98293AF2950E6AB0047178B /* ConvertionSizeView.swift in Sources */ = {isa = PBXBuildFile; fileRef = A98293AE2950E6AB0047178B /* ConvertionSizeView.swift */; };
		A98293B12950E6BC0047178B /* PDFDisplayModeView.swift in Sources */ = {isa = PBXBuildFile; fileRef = A98293B02950E6BC0047178B /* PDFDisplayModeView.swift */; };
		A98293B42950EEE90047178B /* PDFPreview.swift in Sources */ = {isa = PBXBuildFile; fileRef = A98293B32950EEE90047178B /* PDFPreview.swift */; };
		A98293B62950F1790047178B /* TiteEditorView.swift in Sources */ = {isa = PBXBuildFile; fileRef = A98293B52950F1790047178B /* TiteEditorView.swift */; };
		A98293B82950F6370047178B /* .gitignore in Resources */ = {isa = PBXBuildFile; fileRef = A98293B72950F6360047178B /* .gitignore */; };
		A98293BA2950F64F0047178B /* README.md in Resources */ = {isa = PBXBuildFile; fileRef = A98293B92950F64F0047178B /* README.md */; };
/* End PBXBuildFile section */

/* Begin PBXFileReference section */
		A967F3E12947CC2600403BDC /* Intera Utils.app */ = {isa = PBXFileReference; explicitFileType = wrapper.application; includeInIndex = 0; path = "Intera Utils.app"; sourceTree = BUILT_PRODUCTS_DIR; };
		A967F3E42947CC2600403BDC /* Intera_UtilsApp.swift */ = {isa = PBXFileReference; lastKnownFileType = sourcecode.swift; path = Intera_UtilsApp.swift; sourceTree = "<group>"; };
		A967F3E62947CC2600403BDC /* ContentView.swift */ = {isa = PBXFileReference; lastKnownFileType = sourcecode.swift; path = ContentView.swift; sourceTree = "<group>"; };
		A967F3E82947CC2700403BDC /* Assets.xcassets */ = {isa = PBXFileReference; lastKnownFileType = folder.assetcatalog; path = Assets.xcassets; sourceTree = "<group>"; };
		A967F3EB2947CC2700403BDC /* Preview Assets.xcassets */ = {isa = PBXFileReference; lastKnownFileType = folder.assetcatalog; path = "Preview Assets.xcassets"; sourceTree = "<group>"; };
		A967F3F42947ED9300403BDC /* Intera Utils.entitlements */ = {isa = PBXFileReference; lastKnownFileType = text.plist.entitlements; path = "Intera Utils.entitlements"; sourceTree = "<group>"; };
		A98293A62950E5990047178B /* ImageDocument.swift */ = {isa = PBXFileReference; lastKnownFileType = sourcecode.swift; path = ImageDocument.swift; sourceTree = "<group>"; };
		A98293A82950E5DC0047178B /* UIImage+Scale.swift */ = {isa = PBXFileReference; lastKnownFileType = sourcecode.swift; path = "UIImage+Scale.swift"; sourceTree = "<group>"; };
		A98293AA2950E5FC0047178B /* PDFKitRepresentedView.swift */ = {isa = PBXFileReference; lastKnownFileType = sourcecode.swift; path = PDFKitRepresentedView.swift; sourceTree = "<group>"; };
		A98293AC2950E6700047178B /* ConvertionQualityView.swift */ = {isa = PBXFileReference; lastKnownFileType = sourcecode.swift; path = ConvertionQualityView.swift; sourceTree = "<group>"; };
		A98293AE2950E6AB0047178B /* ConvertionSizeView.swift */ = {isa = PBXFileReference; lastKnownFileType = sourcecode.swift; path = ConvertionSizeView.swift; sourceTree = "<group>"; };
		A98293B02950E6BC0047178B /* PDFDisplayModeView.swift */ = {isa = PBXFileReference; lastKnownFileType = sourcecode.swift; path = PDFDisplayModeView.swift; sourceTree = "<group>"; };
		A98293B32950EEE90047178B /* PDFPreview.swift */ = {isa = PBXFileReference; lastKnownFileType = sourcecode.swift; path = PDFPreview.swift; sourceTree = "<group>"; };
		A98293B52950F1790047178B /* TiteEditorView.swift */ = {isa = PBXFileReference; lastKnownFileType = sourcecode.swift; path = TiteEditorView.swift; sourceTree = "<group>"; };
		A98293B72950F6360047178B /* .gitignore */ = {isa = PBXFileReference; fileEncoding = 4; lastKnownFileType = text; path = .gitignore; sourceTree = "<group>"; };
		A98293B92950F64F0047178B /* README.md */ = {isa = PBXFileReference; fileEncoding = 4; lastKnownFileType = net.daringfireball.markdown; path = README.md; sourceTree = "<group>"; };
/* End PBXFileReference section */

/* Begin PBXFrameworksBuildPhase section */
		A967F3DE2947CC2600403BDC /* Frameworks */ = {
			isa = PBXFrameworksBuildPhase;
			buildActionMask = 2147483647;
			files = (
			);
			runOnlyForDeploymentPostprocessing = 0;
		};
/* End PBXFrameworksBuildPhase section */

/* Begin PBXGroup section */
		A967F3D82947CC2600403BDC = {
			isa = PBXGroup;
			children = (
				A98293B72950F6360047178B /* .gitignore */,
				A98293B92950F64F0047178B /* README.md */,
				A967F3E32947CC2600403BDC /* Intera Utils */,
				A967F3E22947CC2600403BDC /* Products */,
			);
			sourceTree = "<group>";
		};
		A967F3E22947CC2600403BDC /* Products */ = {
			isa = PBXGroup;
			children = (
				A967F3E12947CC2600403BDC /* Intera Utils.app */,
			);
			name = Products;
			sourceTree = "<group>";
		};
		A967F3E32947CC2600403BDC /* Intera Utils */ = {
			isa = PBXGroup;
			children = (
				A98293B22950EA320047178B /* Views */,
				A967F3F42947ED9300403BDC /* Intera Utils.entitlements */,
				A967F3E42947CC2600403BDC /* Intera_UtilsApp.swift */,
				A967F3E62947CC2600403BDC /* ContentView.swift */,
				A98293A62950E5990047178B /* ImageDocument.swift */,
				A98293A82950E5DC0047178B /* UIImage+Scale.swift */,
				A98293AA2950E5FC0047178B /* PDFKitRepresentedView.swift */,
				A967F3E82947CC2700403BDC /* Assets.xcassets */,
				A967F3EA2947CC2700403BDC /* Preview Content */,
			);
			path = "Intera Utils";
			sourceTree = "<group>";
		};
		A967F3EA2947CC2700403BDC /* Preview Content */ = {
			isa = PBXGroup;
			children = (
				A967F3EB2947CC2700403BDC /* Preview Assets.xcassets */,
			);
			path = "Preview Content";
			sourceTree = "<group>";
		};
		A98293B22950EA320047178B /* Views */ = {
			isa = PBXGroup;
			children = (
				A98293B02950E6BC0047178B /* PDFDisplayModeView.swift */,
				A98293AE2950E6AB0047178B /* ConvertionSizeView.swift */,
				A98293AC2950E6700047178B /* ConvertionQualityView.swift */,
				A98293B32950EEE90047178B /* PDFPreview.swift */,
				A98293B52950F1790047178B /* TiteEditorView.swift */,
			);
			path = Views;
			sourceTree = "<group>";
		};
/* End PBXGroup section */

/* Begin PBXNativeTarget section */
		A967F3E02947CC2600403BDC /* Intera Utils */ = {
			isa = PBXNativeTarget;
			buildConfigurationList = A967F3EF2947CC2700403BDC /* Build configuration list for PBXNativeTarget "Intera Utils" */;
			buildPhases = (
				A967F3DD2947CC2600403BDC /* Sources */,
				A967F3DE2947CC2600403BDC /* Frameworks */,
				A967F3DF2947CC2600403BDC /* Resources */,
			);
			buildRules = (
			);
			dependencies = (
			);
			name = "Intera Utils";
			productName = "Intera Utils";
			productReference = A967F3E12947CC2600403BDC /* Intera Utils.app */;
			productType = "com.apple.product-type.application";
		};
/* End PBXNativeTarget section */

/* Begin PBXProject section */
		A967F3D92947CC2600403BDC /* Project object */ = {
			isa = PBXProject;
			attributes = {
				BuildIndependentTargetsInParallel = 1;
				LastSwiftUpdateCheck = 1410;
				LastUpgradeCheck = 1410;
				TargetAttributes = {
					A967F3E02947CC2600403BDC = {
						CreatedOnToolsVersion = 14.1;
					};
				};
			};
			buildConfigurationList = A967F3DC2947CC2600403BDC /* Build configuration list for PBXProject "Intera Utils" */;
			compatibilityVersion = "Xcode 14.0";
			developmentRegion = en;
			hasScannedForEncodings = 0;
			knownRegions = (
				en,
				Base,
			);
			mainGroup = A967F3D82947CC2600403BDC;
			productRefGroup = A967F3E22947CC2600403BDC /* Products */;
			projectDirPath = "";
			projectRoot = "";
			targets = (
				A967F3E02947CC2600403BDC /* Intera Utils */,
			);
		};
/* End PBXProject section */

/* Begin PBXResourcesBuildPhase section */
		A967F3DF2947CC2600403BDC /* Resources */ = {
			isa = PBXResourcesBuildPhase;
			buildActionMask = 2147483647;
			files = (
				A967F3EC2947CC2700403BDC /* Preview Assets.xcassets in Resources */,
				A98293B82950F6370047178B /* .gitignore in Resources */,
				A98293BA2950F64F0047178B /* README.md in Resources */,
				A967F3E92947CC2700403BDC /* Assets.xcassets in Resources */,
			);
			runOnlyForDeploymentPostprocessing = 0;
		};
/* End PBXResourcesBuildPhase section */

/* Begin PBXSourcesBuildPhase section */
		A967F3DD2947CC2600403BDC /* Sources */ = {
			isa = PBXSourcesBuildPhase;
			buildActionMask = 2147483647;
			files = (
				A98293AB2950E5FC0047178B /* PDFKitRepresentedView.swift in Sources */,
				A967F3E72947CC2600403BDC /* ContentView.swift in Sources */,
				A967F3E52947CC2600403BDC /* Intera_UtilsApp.swift in Sources */,
				A98293B12950E6BC0047178B /* PDFDisplayModeView.swift in Sources */,
				A98293AF2950E6AB0047178B /* ConvertionSizeView.swift in Sources */,
				A98293B42950EEE90047178B /* PDFPreview.swift in Sources */,
				A98293AD2950E6700047178B /* ConvertionQualityView.swift in Sources */,
				A98293B62950F1790047178B /* TiteEditorView.swift in Sources */,
				A98293A92950E5DC0047178B /* UIImage+Scale.swift in Sources */,
				A98293A72950E5990047178B /* ImageDocument.swift in Sources */,
			);
			runOnlyForDeploymentPostprocessing = 0;
		};
/* End PBXSourcesBuildPhase section */

/* Begin XCBuildConfiguration section */
		A967F3ED2947CC2700403BDC /* Debug */ = {
			isa = XCBuildConfiguration;
			buildSettings = {
				ALWAYS_SEARCH_USER_PATHS = NO;
				CLANG_ANALYZER_NONNULL = YES;
				CLANG_ANALYZER_NUMBER_OBJECT_CONVERSION = YES_AGGRESSIVE;
				CLANG_CXX_LANGUAGE_STANDARD = "gnu++20";
				CLANG_ENABLE_MODULES = YES;
				CLANG_ENABLE_OBJC_ARC = YES;
				CLANG_ENABLE_OBJC_WEAK = YES;
				CLANG_WARN_BLOCK_CAPTURE_AUTORELEASING = YES;
				CLANG_WARN_BOOL_CONVERSION = YES;
				CLANG_WARN_COMMA = YES;
				CLANG_WARN_CONSTANT_CONVERSION = YES;
				CLANG_WARN_DEPRECATED_OBJC_IMPLEMENTATIONS = YES;
				CLANG_WARN_DIRECT_OBJC_ISA_USAGE = YES_ERROR;
				CLANG_WARN_DOCUMENTATION_COMMENTS = YES;
				CLANG_WARN_EMPTY_BODY = YES;
				CLANG_WARN_ENUM_CONVERSION = YES;
				CLANG_WARN_INFINITE_RECURSION = YES;
				CLANG_WARN_INT_CONVERSION = YES;
				CLANG_WARN_NON_LITERAL_NULL_CONVERSION = YES;
				CLANG_WARN_OBJC_IMPLICIT_RETAIN_SELF = YES;
				CLANG_WARN_OBJC_LITERAL_CONVERSION = YES;
				CLANG_WARN_OBJC_ROOT_CLASS = YES_ERROR;
				CLANG_WARN_QUOTED_INCLUDE_IN_FRAMEWORK_HEADER = YES;
				CLANG_WARN_RANGE_LOOP_ANALYSIS = YES;
				CLANG_WARN_STRICT_PROTOTYPES = YES;
				CLANG_WARN_SUSPICIOUS_MOVE = YES;
				CLANG_WARN_UNGUARDED_AVAILABILITY = YES_AGGRESSIVE;
				CLANG_WARN_UNREACHABLE_CODE = YES;
				CLANG_WARN__DUPLICATE_METHOD_MATCH = YES;
				COPY_PHASE_STRIP = NO;
				DEBUG_INFORMATION_FORMAT = dwarf;
				ENABLE_STRICT_OBJC_MSGSEND = YES;
				ENABLE_TESTABILITY = YES;
				GCC_C_LANGUAGE_STANDARD = gnu11;
				GCC_DYNAMIC_NO_PIC = NO;
				GCC_NO_COMMON_BLOCKS = YES;
				GCC_OPTIMIZATION_LEVEL = 0;
				GCC_PREPROCESSOR_DEFINITIONS = (
					"DEBUG=1",
					"$(inherited)",
				);
				GCC_WARN_64_TO_32_BIT_CONVERSION = YES;
				GCC_WARN_ABOUT_RETURN_TYPE = YES_ERROR;
				GCC_WARN_UNDECLARED_SELECTOR = YES;
				GCC_WARN_UNINITIALIZED_AUTOS = YES_AGGRESSIVE;
				GCC_WARN_UNUSED_FUNCTION = YES;
				GCC_WARN_UNUSED_VARIABLE = YES;
				IPHONEOS_DEPLOYMENT_TARGET = 16.1;
				MTL_ENABLE_DEBUG_INFO = INCLUDE_SOURCE;
				MTL_FAST_MATH = YES;
				ONLY_ACTIVE_ARCH = YES;
				SDKROOT = iphoneos;
				SWIFT_ACTIVE_COMPILATION_CONDITIONS = DEBUG;
				SWIFT_OPTIMIZATION_LEVEL = "-Onone";
			};
			name = Debug;
		};
		A967F3EE2947CC2700403BDC /* Release */ = {
			isa = XCBuildConfiguration;
			buildSettings = {
				ALWAYS_SEARCH_USER_PATHS = NO;
				CLANG_ANALYZER_NONNULL = YES;
				CLANG_ANALYZER_NUMBER_OBJECT_CONVERSION = YES_AGGRESSIVE;
				CLANG_CXX_LANGUAGE_STANDARD = "gnu++20";
				CLANG_ENABLE_MODULES = YES;
				CLANG_ENABLE_OBJC_ARC = YES;
				CLANG_ENABLE_OBJC_WEAK = YES;
				CLANG_WARN_BLOCK_CAPTURE_AUTORELEASING = YES;
				CLANG_WARN_BOOL_CONVERSION = YES;
				CLANG_WARN_COMMA = YES;
				CLANG_WARN_CONSTANT_CONVERSION = YES;
				CLANG_WARN_DEPRECATED_OBJC_IMPLEMENTATIONS = YES;
				CLANG_WARN_DIRECT_OBJC_ISA_USAGE = YES_ERROR;
				CLANG_WARN_DOCUMENTATION_COMMENTS = YES;
				CLANG_WARN_EMPTY_BODY = YES;
				CLANG_WARN_ENUM_CONVERSION = YES;
				CLANG_WARN_INFINITE_RECURSION = YES;
				CLANG_WARN_INT_CONVERSION = YES;
				CLANG_WARN_NON_LITERAL_NULL_CONVERSION = YES;
				CLANG_WARN_OBJC_IMPLICIT_RETAIN_SELF = YES;
				CLANG_WARN_OBJC_LITERAL_CONVERSION = YES;
				CLANG_WARN_OBJC_ROOT_CLASS = YES_ERROR;
				CLANG_WARN_QUOTED_INCLUDE_IN_FRAMEWORK_HEADER = YES;
				CLANG_WARN_RANGE_LOOP_ANALYSIS = YES;
				CLANG_WARN_STRICT_PROTOTYPES = YES;
				CLANG_WARN_SUSPICIOUS_MOVE = YES;
				CLANG_WARN_UNGUARDED_AVAILABILITY = YES_AGGRESSIVE;
				CLANG_WARN_UNREACHABLE_CODE = YES;
				CLANG_WARN__DUPLICATE_METHOD_MATCH = YES;
				COPY_PHASE_STRIP = NO;
				DEBUG_INFORMATION_FORMAT = "dwarf-with-dsym";
				ENABLE_NS_ASSERTIONS = NO;
				ENABLE_STRICT_OBJC_MSGSEND = YES;
				GCC_C_LANGUAGE_STANDARD = gnu11;
				GCC_NO_COMMON_BLOCKS = YES;
				GCC_WARN_64_TO_32_BIT_CONVERSION = YES;
				GCC_WARN_ABOUT_RETURN_TYPE = YES_ERROR;
				GCC_WARN_UNDECLARED_SELECTOR = YES;
				GCC_WARN_UNINITIALIZED_AUTOS = YES_AGGRESSIVE;
				GCC_WARN_UNUSED_FUNCTION = YES;
				GCC_WARN_UNUSED_VARIABLE = YES;
				IPHONEOS_DEPLOYMENT_TARGET = 16.1;
				MTL_ENABLE_DEBUG_INFO = NO;
				MTL_FAST_MATH = YES;
				SDKROOT = iphoneos;
				SWIFT_COMPILATION_MODE = wholemodule;
				SWIFT_OPTIMIZATION_LEVEL = "-O";
				VALIDATE_PRODUCT = YES;
			};
			name = Release;
		};
		A967F3F02947CC2700403BDC /* Debug */ = {
			isa = XCBuildConfiguration;
			buildSettings = {
				ASSETCATALOG_COMPILER_APPICON_NAME = AppIcon;
				ASSETCATALOG_COMPILER_GLOBAL_ACCENT_COLOR_NAME = AccentColor;
				CODE_SIGN_ENTITLEMENTS = "Intera Utils/Intera Utils.entitlements";
				CODE_SIGN_STYLE = Automatic;
				CURRENT_PROJECT_VERSION = 1;
				DEVELOPMENT_ASSET_PATHS = "\"Intera Utils/Preview Content\"";
				DEVELOPMENT_TEAM = DUH2HW6JQ7;
				ENABLE_PREVIEWS = YES;
				GENERATE_INFOPLIST_FILE = YES;
				INFOPLIST_KEY_CFBundleDisplayName = "Intera Utils";
				INFOPLIST_KEY_UIApplicationSceneManifest_Generation = YES;
				INFOPLIST_KEY_UIApplicationSupportsIndirectInputEvents = YES;
				INFOPLIST_KEY_UILaunchScreen_Generation = YES;
				INFOPLIST_KEY_UISupportedInterfaceOrientations_iPad = "UIInterfaceOrientationPortrait UIInterfaceOrientationPortraitUpsideDown UIInterfaceOrientationLandscapeLeft UIInterfaceOrientationLandscapeRight";
				INFOPLIST_KEY_UISupportedInterfaceOrientations_iPhone = "UIInterfaceOrientationPortrait UIInterfaceOrientationLandscapeLeft UIInterfaceOrientationLandscapeRight";
				LD_RUNPATH_SEARCH_PATHS = (
					"$(inherited)",
					"@executable_path/Frameworks",
				);
				MARKETING_VERSION = 1.0;
				PRODUCT_BUNDLE_IDENTIFIER = "intera.Intera-Utils";
				PRODUCT_NAME = "$(TARGET_NAME)";
				SUPPORTED_PLATFORMS = "iphoneos iphonesimulator";
				SUPPORTS_MACCATALYST = NO;
				SUPPORTS_MAC_DESIGNED_FOR_IPHONE_IPAD = YES;
				SWIFT_EMIT_LOC_STRINGS = YES;
				SWIFT_VERSION = 5.0;
				TARGETED_DEVICE_FAMILY = "1,2";
			};
			name = Debug;
		};
		A967F3F12947CC2700403BDC /* Release */ = {
			isa = XCBuildConfiguration;
			buildSettings = {
				ASSETCATALOG_COMPILER_APPICON_NAME = AppIcon;
				ASSETCATALOG_COMPILER_GLOBAL_ACCENT_COLOR_NAME = AccentColor;
				CODE_SIGN_ENTITLEMENTS = "Intera Utils/Intera Utils.entitlements";
				CODE_SIGN_STYLE = Automatic;
				CURRENT_PROJECT_VERSION = 1;
				DEVELOPMENT_ASSET_PATHS = "\"Intera Utils/Preview Content\"";
				DEVELOPMENT_TEAM = DUH2HW6JQ7;
				ENABLE_PREVIEWS = YES;
				GENERATE_INFOPLIST_FILE = YES;
				INFOPLIST_KEY_CFBundleDisplayName = "Intera Utils";
				INFOPLIST_KEY_UIApplicationSceneManifest_Generation = YES;
				INFOPLIST_KEY_UIApplicationSupportsIndirectInputEvents = YES;
				INFOPLIST_KEY_UILaunchScreen_Generation = YES;
				INFOPLIST_KEY_UISupportedInterfaceOrientations_iPad = "UIInterfaceOrientationPortrait UIInterfaceOrientationPortraitUpsideDown UIInterfaceOrientationLandscapeLeft UIInterfaceOrientationLandscapeRight";
				INFOPLIST_KEY_UISupportedInterfaceOrientations_iPhone = "UIInterfaceOrientationPortrait UIInterfaceOrientationLandscapeLeft UIInterfaceOrientationLandscapeRight";
				LD_RUNPATH_SEARCH_PATHS = (
					"$(inherited)",
					"@executable_path/Frameworks",
				);
				MARKETING_VERSION = 1.0;
				PRODUCT_BUNDLE_IDENTIFIER = "intera.Intera-Utils";
				PRODUCT_NAME = "$(TARGET_NAME)";
				SUPPORTED_PLATFORMS = "iphoneos iphonesimulator";
				SUPPORTS_MACCATALYST = NO;
				SUPPORTS_MAC_DESIGNED_FOR_IPHONE_IPAD = YES;
				SWIFT_EMIT_LOC_STRINGS = YES;
				SWIFT_VERSION = 5.0;
				TARGETED_DEVICE_FAMILY = "1,2";
			};
			name = Release;
		};
/* End XCBuildConfiguration section */

/* Begin XCConfigurationList section */
		A967F3DC2947CC2600403BDC /* Build configuration list for PBXProject "Intera Utils" */ = {
			isa = XCConfigurationList;
			buildConfigurations = (
				A967F3ED2947CC2700403BDC /* Debug */,
				A967F3EE2947CC2700403BDC /* Release */,
			);
			defaultConfigurationIsVisible = 0;
			defaultConfigurationName = Release;
		};
		A967F3EF2947CC2700403BDC /* Build configuration list for PBXNativeTarget "Intera Utils" */ = {
			isa = XCConfigurationList;
			buildConfigurations = (
				A967F3F02947CC2700403BDC /* Debug */,
				A967F3F12947CC2700403BDC /* Release */,
			);
			defaultConfigurationIsVisible = 0;
			defaultConfigurationName = Release;
		};
/* End XCConfigurationList section */
	};
	rootObject = A967F3D92947CC2600403BDC /* Project object */;
}
